
Microsoft Visual Studio Solution File, Format Version 12.00
# Visual Studio Version 17
VisualStudioVersion = 17.2.32519.379
MinimumVisualStudioVersion = 10.0.40219.1
Project("{9A19103F-16F7-4668-BE54-9A1E7A4F7556}") = "MyBookStore.Api", "MyBookStore.Api\MyBookStore.Api.csproj", "{7267FECF-23DD-4510-B7F8-220C7BBC2F84}"
EndProject
Project("{9A19103F-16F7-4668-BE54-9A1E7A4F7556}") = "MyBookStore.Models", "MyBookStore.Models\MyBookStore.Models.csproj", "{9AAF94D7-232D-4AE2-8878-0F30490BEE68}"
EndProject
Project("{FAE04EC0-301F-11D3-BF4B-00C04F79EFBC}") = "MyBookStore.Repository", "MyBookStore.Repository\MyBookStore.Repository.csproj", "{9083BB5F-D077-4DE4-98A1-A5668D71D633}"
EndProject
Global
	GlobalSection(SolutionConfigurationPlatforms) = preSolution
		Debug|Any CPU = Debug|Any CPU
		Release|Any CPU = Release|Any CPU
	EndGlobalSection
	GlobalSection(ProjectConfigurationPlatforms) = postSolution
		{7267FECF-23DD-4510-B7F8-220C7BBC2F84}.Debug|Any CPU.ActiveCfg = Debug|Any CPU
		{7267FECF-23DD-4510-B7F8-220C7BBC2F84}.Debug|Any CPU.Build.0 = Debug|Any CPU
		{7267FECF-23DD-4510-B7F8-220C7BBC2F84}.Release|Any CPU.ActiveCfg = Release|Any CPU
		{7267FECF-23DD-4510-B7F8-220C7BBC2F84}.Release|Any CPU.Build.0 = Release|Any CPU
		{9AAF94D7-232D-4AE2-8878-0F30490BEE68}.Debug|Any CPU.ActiveCfg = Debug|Any CPU
		{9AAF94D7-232D-4AE2-8878-0F30490BEE68}.Debug|Any CPU.Build.0 = Debug|Any CPU
		{9AAF94D7-232D-4AE2-8878-0F30490BEE68}.Release|Any CPU.ActiveCfg = Release|Any CPU
		{9AAF94D7-232D-4AE2-8878-0F30490BEE68}.Release|Any CPU.Build.0 = Release|Any CPU
		{9083BB5F-D077-4DE4-98A1-A5668D71D633}.Debug|Any CPU.ActiveCfg = Debug|Any CPU
		{9083BB5F-D077-4DE4-98A1-A5668D71D633}.Debug|Any CPU.Build.0 = Debug|Any CPU
		{9083BB5F-D077-4DE4-98A1-A5668D71D633}.Release|Any CPU.ActiveCfg = Release|Any CPU
		{9083BB5F-D077-4DE4-98A1-A5668D71D633}.Release|Any CPU.Build.0 = Release|Any CPU
	EndGlobalSection
	GlobalSection(SolutionProperties) = preSolution
		HideSolutionNode = FALSE
	EndGlobalSection
	GlobalSection(ExtensibilityGlobals) = postSolution
		SolutionGuid = {96043127-CDE4-458C-BA77-4EFEFA551BF6}
	EndGlobalSection
EndGlobal
